PODS:
  - OMGHTTPURLRQ/UserAgent (3.2.4)
  - TDOAuth (1.4.0):
    - TDOAuth/ObjC (= 1.4.0)
  - TDOAuth/ObjC (1.4.0):
    - TDOAuth/Swift
  - TDOAuth/Swift (1.4.0):
    - OMGHTTPURLRQ/UserAgent

DEPENDENCIES:
  - TDOAuth (from `../`)

SPEC REPOS:
  trunk:
    - OMGHTTPURLRQ

EXTERNAL SOURCES:
  TDOAuth:
    :path: "../"

SPEC CHECKSUMS:
  OMGHTTPURLRQ: 9ac96bdf5c90a33f75836630729ea1adc312a9ed
  TDOAuth: 0b1df2ed6ed53ef863885409415e1e8dbe7f680c

PODFILE CHECKSUM: 463ad8f9e7ca125ab4e9de46eaf562e8dd89e6be

COCOAPODS: 1.9.1
