// !$*UTF8*$!
{
	archiveVersion = 1;
	classes = {
	};
	objectVersion = 46;
	objects = {

/* Begin PBXBuildFile section */
		C43B88641AC064C9005FAD49 /* TDOAuth.m in Sources */ = {isa = PBXBuildFile; fileRef = C43B88631AC064C9005FAD49 /* TDOAuth.m */; };
		C445D4AB1ABF7B9C0076B639 /* XCTest.framework in Frameworks */ = {isa = PBXBuildFile; fileRef = C445D4AA1ABF7B9C0076B639 /* XCTest.framework */; };
		C445D4B11ABF7B9C0076B639 /* InfoPlist.strings in Resources */ = {isa = PBXBuildFile; fileRef = C445D4AF1ABF7B9C0076B639 /* InfoPlist.strings */; };
		C445D4B31ABF7B9C0076B639 /* TDOAuthTest.m in Sources */ = {isa = PBXBuildFile; fileRef = C445D4B21ABF7B9C0076B639 /* TDOAuthTest.m */; };
		C4B6B4711ABF82170037A64C /* OMGUserAgent.m in Sources */ = {isa = PBXBuildFile; fileRef = C4B6B46F1ABF82170037A64C /* OMGUserAgent.m */; };
		C4B6B4721ABF82170037A64C /* README.markdown in Resources */ = {isa = PBXBuildFile; fileRef = C4B6B4701ABF82170037A64C /* README.markdown */; };
/* End PBXBuildFile section */

/* Begin PBXFileReference section */
		C43B88621AC064C9005FAD49 /* TDOAuth.h */ = {isa = PBXFileReference; fileEncoding = 4; lastKnownFileType = sourcecode.c.h; name = TDOAuth.h; path = ../TDOAuth.h; sourceTree = "<group>"; };
		C43B88631AC064C9005FAD49 /* TDOAuth.m */ = {isa = PBXFileReference; fileEncoding = 4; lastKnownFileType = sourcecode.c.objc; name = TDOAuth.m; path = ../TDOAuth.m; sourceTree = "<group>"; };
		C445D4A71ABF7B9C0076B639 /* TDOAuthTest.xctest */ = {isa = PBXFileReference; explicitFileType = wrapper.cfbundle; includeInIndex = 0; path = TDOAuthTest.xctest; sourceTree = BUILT_PRODUCTS_DIR; };
		C445D4AA1ABF7B9C0076B639 /* XCTest.framework */ = {isa = PBXFileReference; lastKnownFileType = wrapper.framework; name = XCTest.framework; path = Library/Frameworks/XCTest.framework; sourceTree = DEVELOPER_DIR; };
		C445D4AE1ABF7B9C0076B639 /* TDOAuthTest-Info.plist */ = {isa = PBXFileReference; lastKnownFileType = text.plist.xml; path = "TDOAuthTest-Info.plist"; sourceTree = "<group>"; };
		C445D4B01ABF7B9C0076B639 /* en */ = {isa = PBXFileReference; lastKnownFileType = text.plist.strings; name = en; path = en.lproj/InfoPlist.strings; sourceTree = "<group>"; };
		C445D4B21ABF7B9C0076B639 /* TDOAuthTest.m */ = {isa = PBXFileReference; lastKnownFileType = sourcecode.c.objc; path = TDOAuthTest.m; sourceTree = "<group>"; };
		C445D4B41ABF7B9C0076B639 /* TDOAuthTest-Prefix.pch */ = {isa = PBXFileReference; lastKnownFileType = sourcecode.c.h; path = "TDOAuthTest-Prefix.pch"; sourceTree = "<group>"; };
		C45943051ABF849800C7A744 /* TDOAuthTest.h */ = {isa = PBXFileReference; lastKnownFileType = sourcecode.c.h; path = TDOAuthTest.h; sourceTree = "<group>"; };
		C4B6B46E1ABF82170037A64C /* OMGUserAgent.h */ = {isa = PBXFileReference; fileEncoding = 4; lastKnownFileType = sourcecode.c.h; path = OMGUserAgent.h; sourceTree = "<group>"; };
		C4B6B46F1ABF82170037A64C /* OMGUserAgent.m */ = {isa = PBXFileReference; fileEncoding = 4; lastKnownFileType = sourcecode.c.objc; path = OMGUserAgent.m; sourceTree = "<group>"; };
		C4B6B4701ABF82170037A64C /* README.markdown */ = {isa = PBXFileReference; fileEncoding = 4; lastKnownFileType = text; path = README.markdown; sourceTree = "<group>"; };
/* End PBXFileReference section */

/* Begin PBXFrameworksBuildPhase section */
		C445D4A41ABF7B9C0076B639 /* Frameworks */ = {
			isa = PBXFrameworksBuildPhase;
			buildActionMask = 2147483647;
			files = (
				C445D4AB1ABF7B9C0076B639 /* XCTest.framework in Frameworks */,
			);
			runOnlyForDeploymentPostprocessing = 0;
		};
/* End PBXFrameworksBuildPhase section */

/* Begin PBXGroup section */
		C445D49C1ABF7B850076B639 = {
			isa = PBXGroup;
			children = (
				C43B88621AC064C9005FAD49 /* TDOAuth.h */,
				C43B88631AC064C9005FAD49 /* TDOAuth.m */,
				C445D4AC1ABF7B9C0076B639 /* TDOAuthTest */,
				C4B6B46D1ABF82170037A64C /* OMGHTTPURLRQ */,
				C445D4A91ABF7B9C0076B639 /* Frameworks */,
				C445D4A81ABF7B9C0076B639 /* Products */,
			);
			sourceTree = "<group>";
		};
		C445D4A81ABF7B9C0076B639 /* Products */ = {
			isa = PBXGroup;
			children = (
				C445D4A71ABF7B9C0076B639 /* TDOAuthTest.xctest */,
			);
			name = Products;
			sourceTree = "<group>";
		};
		C445D4A91ABF7B9C0076B639 /* Frameworks */ = {
			isa = PBXGroup;
			children = (
				C445D4AA1ABF7B9C0076B639 /* XCTest.framework */,
			);
			name = Frameworks;
			sourceTree = "<group>";
		};
		C445D4AC1ABF7B9C0076B639 /* TDOAuthTest */ = {
			isa = PBXGroup;
			children = (
				C445D4B21ABF7B9C0076B639 /* TDOAuthTest.m */,
				C45943051ABF849800C7A744 /* TDOAuthTest.h */,
				C445D4AD1ABF7B9C0076B639 /* Supporting Files */,
			);
			path = TDOAuthTest;
			sourceTree = "<group>";
		};
		C445D4AD1ABF7B9C0076B639 /* Supporting Files */ = {
			isa = PBXGroup;
			children = (
				C445D4AE1ABF7B9C0076B639 /* TDOAuthTest-Info.plist */,
				C445D4AF1ABF7B9C0076B639 /* InfoPlist.strings */,
				C445D4B41ABF7B9C0076B639 /* TDOAuthTest-Prefix.pch */,
			);
			name = "Supporting Files";
			sourceTree = "<group>";
		};
		C4B6B46D1ABF82170037A64C /* OMGHTTPURLRQ */ = {
			isa = PBXGroup;
			children = (
				C4B6B46E1ABF82170037A64C /* OMGUserAgent.h */,
				C4B6B46F1ABF82170037A64C /* OMGUserAgent.m */,
				C4B6B4701ABF82170037A64C /* README.markdown */,
			);
			name = OMGHTTPURLRQ;
			path = TDOAuthTest/OMGHTTPURLRQ;
			sourceTree = "<group>";
		};
/* End PBXGroup section */

/* Begin PBXNativeTarget section */
		C445D4A61ABF7B9C0076B639 /* TDOAuthTest */ = {
			isa = PBXNativeTarget;
			buildConfigurationList = C445D4B51ABF7B9C0076B639 /* Build configuration list for PBXNativeTarget "TDOAuthTest" */;
			buildPhases = (
				C445D4A31ABF7B9C0076B639 /* Sources */,
				C445D4A41ABF7B9C0076B639 /* Frameworks */,
				C445D4A51ABF7B9C0076B639 /* Resources */,
			);
			buildRules = (
			);
			dependencies = (
			);
			name = TDOAuthTest;
			productName = TDOAuthTest;
			productReference = C445D4A71ABF7B9C0076B639 /* TDOAuthTest.xctest */;
			productType = "com.apple.product-type.bundle.unit-test";
		};
/* End PBXNativeTarget section */

/* Begin PBXProject section */
		C445D49D1ABF7B850076B639 /* Project object */ = {
			isa = PBXProject;
			attributes = {
				LastUpgradeCheck = 0510;
			};
			buildConfigurationList = C445D4A01ABF7B850076B639 /* Build configuration list for PBXProject "TDOAuthTest" */;
			compatibilityVersion = "Xcode 3.2";
			developmentRegion = English;
			hasScannedForEncodings = 0;
			knownRegions = (
				en,
			);
			mainGroup = C445D49C1ABF7B850076B639;
			productRefGroup = C445D4A81ABF7B9C0076B639 /* Products */;
			projectDirPath = "";
			projectRoot = "";
			targets = (
				C445D4A61ABF7B9C0076B639 /* TDOAuthTest */,
			);
		};
/* End PBXProject section */

/* Begin PBXResourcesBuildPhase section */
		C445D4A51ABF7B9C0076B639 /* Resources */ = {
			isa = PBXResourcesBuildPhase;
			buildActionMask = 2147483647;
			files = (
				C4B6B4721ABF82170037A64C /* README.markdown in Resources */,
				C445D4B11ABF7B9C0076B639 /* InfoPlist.strings in Resources */,
			);
			runOnlyForDeploymentPostprocessing = 0;
		};
/* End PBXResourcesBuildPhase section */

/* Begin PBXSourcesBuildPhase section */
		C445D4A31ABF7B9C0076B639 /* Sources */ = {
			isa = PBXSourcesBuildPhase;
			buildActionMask = 2147483647;
			files = (
				C445D4B31ABF7B9C0076B639 /* TDOAuthTest.m in Sources */,
				C43B88641AC064C9005FAD49 /* TDOAuth.m in Sources */,
				C4B6B4711ABF82170037A64C /* OMGUserAgent.m in Sources */,
			);
			runOnlyForDeploymentPostprocessing = 0;
		};
/* End PBXSourcesBuildPhase section */

/* Begin PBXVariantGroup section */
		C445D4AF1ABF7B9C0076B639 /* InfoPlist.strings */ = {
			isa = PBXVariantGroup;
			children = (
				C445D4B01ABF7B9C0076B639 /* en */,
			);
			name = InfoPlist.strings;
			sourceTree = "<group>";
		};
/* End PBXVariantGroup section */

/* Begin XCBuildConfiguration section */
		C445D4A11ABF7B850076B639 /* Debug */ = {
			isa = XCBuildConfiguration;
			buildSettings = {
				INFOPLIST_FILE = "";
				"INFOPLIST_FILE[sdk=*]" = "";
			};
			name = Debug;
		};
		C445D4A21ABF7B850076B639 /* Release */ = {
			isa = XCBuildConfiguration;
			buildSettings = {
				INFOPLIST_FILE = "";
			};
			name = Release;
		};
		C445D4B61ABF7B9C0076B639 /* Debug */ = {
			isa = XCBuildConfiguration;
			buildSettings = {
				ALWAYS_SEARCH_USER_PATHS = NO;
				CLANG_CXX_LANGUAGE_STANDARD = "gnu++0x";
				CLANG_CXX_LIBRARY = "libc++";
				CLANG_ENABLE_MODULES = YES;
				CLANG_ENABLE_OBJC_ARC = YES;
				CLANG_WARN_BOOL_CONVERSION = YES;
				CLANG_WARN_CONSTANT_CONVERSION = YES;
				CLANG_WARN_DIRECT_OBJC_ISA_USAGE = YES_ERROR;
				CLANG_WARN_EMPTY_BODY = YES;
				CLANG_WARN_ENUM_CONVERSION = YES;
				CLANG_WARN_INT_CONVERSION = YES;
				CLANG_WARN_OBJC_ROOT_CLASS = YES_ERROR;
				CLANG_WARN__DUPLICATE_METHOD_MATCH = YES;
				COPY_PHASE_STRIP = NO;
				FRAMEWORK_SEARCH_PATHS = (
					"$(DEVELOPER_FRAMEWORKS_DIR)",
					"$(inherited)",
				);
				GCC_C_LANGUAGE_STANDARD = gnu99;
				GCC_DYNAMIC_NO_PIC = NO;
				GCC_ENABLE_OBJC_EXCEPTIONS = YES;
				GCC_OPTIMIZATION_LEVEL = 0;
				GCC_PRECOMPILE_PREFIX_HEADER = YES;
				GCC_PREFIX_HEADER = "TDOAuthTest/TDOAuthTest-Prefix.pch";
				GCC_PREPROCESSOR_DEFINITIONS = (
					"DEBUG=1",
					"$(inherited)",
				);
				GCC_SYMBOLS_PRIVATE_EXTERN = NO;
				GCC_WARN_64_TO_32_BIT_CONVERSION = YES;
				GCC_WARN_ABOUT_RETURN_TYPE = YES_ERROR;
				GCC_WARN_UNDECLARED_SELECTOR = YES;
				GCC_WARN_UNINITIALIZED_AUTOS = YES_AGGRESSIVE;
				GCC_WARN_UNUSED_FUNCTION = YES;
				GCC_WARN_UNUSED_VARIABLE = YES;
				INFOPLIST_FILE = "TDOAuthTest/TDOAuthTest-Info.plist";
				MACOSX_DEPLOYMENT_TARGET = 10.9;
				ONLY_ACTIVE_ARCH = YES;
				PRODUCT_NAME = "$(TARGET_NAME)";
				SDKROOT = macosx;
				WRAPPER_EXTENSION = xctest;
			};
			name = Debug;
		};
		C445D4B71ABF7B9C0076B639 /* Release */ = {
			isa = XCBuildConfiguration;
			buildSettings = {
				ALWAYS_SEARCH_USER_PATHS = NO;
				CLANG_CXX_LANGUAGE_STANDARD = "gnu++0x";
				CLANG_CXX_LIBRARY = "libc++";
				CLANG_ENABLE_MODULES = YES;
				CLANG_ENABLE_OBJC_ARC = YES;
				CLANG_WARN_BOOL_CONVERSION = YES;
				CLANG_WARN_CONSTANT_CONVERSION = YES;
				CLANG_WARN_DIRECT_OBJC_ISA_USAGE = YES_ERROR;
				CLANG_WARN_EMPTY_BODY = YES;
				CLANG_WARN_ENUM_CONVERSION = YES;
				CLANG_WARN_INT_CONVERSION = YES;
				CLANG_WARN_OBJC_ROOT_CLASS = YES_ERROR;
				CLANG_WARN__DUPLICATE_METHOD_MATCH = YES;
				COPY_PHASE_STRIP = YES;
				DEBUG_INFORMATION_FORMAT = "dwarf-with-dsym";
				ENABLE_NS_ASSERTIONS = NO;
				FRAMEWORK_SEARCH_PATHS = (
					"$(DEVELOPER_FRAMEWORKS_DIR)",
					"$(inherited)",
				);
				GCC_C_LANGUAGE_STANDARD = gnu99;
				GCC_ENABLE_OBJC_EXCEPTIONS = YES;
				GCC_PRECOMPILE_PREFIX_HEADER = YES;
				GCC_PREFIX_HEADER = "TDOAuthTest/TDOAuthTest-Prefix.pch";
				GCC_WARN_64_TO_32_BIT_CONVERSION = YES;
				GCC_WARN_ABOUT_RETURN_TYPE = YES_ERROR;
				GCC_WARN_UNDECLARED_SELECTOR = YES;
				GCC_WARN_UNINITIALIZED_AUTOS = YES_AGGRESSIVE;
				GCC_WARN_UNUSED_FUNCTION = YES;
				GCC_WARN_UNUSED_VARIABLE = YES;
				INFOPLIST_FILE = "TDOAuthTest/TDOAuthTest-Info.plist";
				MACOSX_DEPLOYMENT_TARGET = 10.9;
				PRODUCT_NAME = "$(TARGET_NAME)";
				SDKROOT = macosx;
				WRAPPER_EXTENSION = xctest;
			};
			name = Release;
		};
/* End XCBuildConfiguration section */

/* Begin XCConfigurationList section */
		C445D4A01ABF7B850076B639 /* Build configuration list for PBXProject "TDOAuthTest" */ = {
			isa = XCConfigurationList;
			buildConfigurations = (
				C445D4A11ABF7B850076B639 /* Debug */,
				C445D4A21ABF7B850076B639 /* Release */,
			);
			defaultConfigurationIsVisible = 0;
			defaultConfigurationName = Release;
		};
		C445D4B51ABF7B9C0076B639 /* Build configuration list for PBXNativeTarget "TDOAuthTest" */ = {
			isa = XCConfigurationList;
			buildConfigurations = (
				C445D4B61ABF7B9C0076B639 /* Debug */,
				C445D4B71ABF7B9C0076B639 /* Release */,
			);
			defaultConfigurationIsVisible = 0;
			defaultConfigurationName = Release;
		};
/* End XCConfigurationList section */
	};
	rootObject = C445D49D1ABF7B850076B639 /* Project object */;
}
